PODS:
  - NetUtils (4.0.2)
  - ReachabilitySwift (4.1.0)
  - Starscream (3.0.5)
  - SwiftHash (2.0.1)
  - SwiftHTTP (3.0.1)
  - SwiftyJSON (4.1.0)

DEPENDENCIES:
  - NetUtils
  - ReachabilitySwift
  - Starscream
  - SwiftHash
  - SwiftHTTP
  - SwiftyJSON

SPEC REPOS:
  https://github.com/cocoapods/specs.git:
    - NetUtils
    - ReachabilitySwift
    - Starscream
    - SwiftHash
    - SwiftHTTP
    - SwiftyJSON

SPEC CHECKSUMS:
  NetUtils: 3ae4058586b9574f8cbfa5b5d415a287f8179620
  ReachabilitySwift: 6849231cd4e06559f3b9ef4a97a0a0f96d41e09f
  Starscream: faf918b2f2eff7d5dd21180646bf015a669673bd
  SwiftHash: c805de5a434eacfa0dac7210745a50c55d7fe33d
  SwiftHTTP: e94f1aa8cde58637dcc0100f6349de31a3337fde
  SwiftyJSON: c29297daf073d2aa016295d5809cdd68045c39b3

PODFILE CHECKSUM: 6733aa7d87df79ae24441c95a29f7c417a8cc3e4

COCOAPODS: 1.5.3
